{
    "_readme": [
        "This file locks the dependencies of your project to a known state",
        "Read more about it at https://getcomposer.org/doc/01-basic-usage.md#installing-dependencies",
        "This file is @generated automatically"
    ],
    "content-hash": "9b023671056a17add1f567458fbd0494",
    "packages": [
        {
            "name": "isy-thl/dss-csc-signing",
            "version": "v0.1.2",
            "source": {
                "type": "git",
                "url": "https://github.com/ild-thl/dss-csc-signing.git",
                "reference": "1268a7b0e3a6a7a9d70c2b4e9b0951ccb21b6de4"
            },
            "dist": {
                "type": "zip",
                "url": "https://api.github.com/repos/ild-thl/dss-csc-signing/zipball/1268a7b0e3a6a7a9d70c2b4e9b0951ccb21b6de4",
                "reference": "1268a7b0e3a6a7a9d70c2b4e9b0951ccb21b6de4",
                "shasum": ""
            },
            "require": {
                "ext-curl": "*",
                "ext-openssl": "*",
                "php": ">=8.1"
            },
            "require-dev": {
                "phpstan/phpstan": "^2.2",
                "phpunit/phpunit": "^9.6",
                "squizlabs/php_codesniffer": "^3.9"
            },
            "type": "library",
            "autoload": {
                "psr-4": {
                    "IsyThl\\Signing\\": "src/"
                }
            },
            "notification-url": "https://packagist.org/downloads/",
            "license": [
                "GPL-3.0-or-later"
            ],
            "description": "Framework-independent DSS and CSC JAdES signing integration",
            "support": {
                "issues": "https://github.com/ild-thl/dss-csc-signing/issues",
                "source": "https://github.com/ild-thl/dss-csc-signing/tree/v0.1.2"
            },
            "time": "2026-09-04T10:04:52+00:00"
        },
        {
            "name": "isy-thl/european-learning-model",
            "version": "v0.1.0",
            "source": {
                "type": "git",
                "url": "https://github.com/ild-thl/php-european-learning-model.git",
                "reference": "976f8fec5f0406d01771499fed77288d876740bc"
            },
            "dist": {
                "type": "zip",
                "url": "https://api.github.com/repos/ild-thl/php-european-learning-model/zipball/976f8fec5f0406d01771499fed77288d876740bc",
                "reference": "976f8fec5f0406d01771499fed77288d876740bc",
                "shasum": ""
            },
            "require": {
                "ext-mbstring": "*",
                "php": ">=8.1"
            },
            "require-dev": {
                "phpstan/phpstan": "^2.2",
                "phpunit/phpunit": "^10.5",
                "squizlabs/php_codesniffer": "^3.9"
            },
            "type": "library",
            "autoload": {
                "psr-4": {
                    "IsyThl\\EuropeanLearningModel\\": "src/"
                }
            },
            "notification-url": "https://packagist.org/downloads/",
            "license": [
                "GPL-3.0-or-later"
            ],
            "description": "Framework-independent European Learning Model document models and deterministic serializers.",
            "support": {
                "issues": "https://github.com/ild-thl/php-european-learning-model/issues",
                "source": "https://github.com/ild-thl/php-european-learning-model/tree/v0.1.0"
            },
            "time": "2026-09-07T09:54:37+00:00"
        }
    ],
    "packages-dev": [],
    "aliases": [],
    "minimum-stability": "stable",
    "stability-flags": [],
    "prefer-stable": false,
    "prefer-lowest": false,
    "platform": [],
    "platform-dev": [],
    "plugin-api-version": "2.6.0"
}
